
Microsoft Visual Studio Solution File, Format Version 12.00
# Visual Studio Version 16
VisualStudioVersion = 16.0.30717.126
MinimumVisualStudioVersion = 10.0.40219.1
Project("{FAE04EC0-301F-11D3-BF4B-00C04F79EFBC}") = "crm-backend.Controller", "crm-backend.Controller\crm-backend.Controller.csproj", "{1D5D36D8-CBD9-4EF6-ADBA-5746A5B224B6}"
EndProject
Project("{FAE04EC0-301F-11D3-BF4B-00C04F79EFBC}") = "crm-backend.DataAccessLayer", "crm-backend.DataAccessLayer\crm-backend.DataAccessLayer.csproj", "{DBEC1485-8BFC-4FC8-A755-507E6B2C7361}"
EndProject
Project("{FAE04EC0-301F-11D3-BF4B-00C04F79EFBC}") = "crm-backend.Repository", "crm-backend.Repository\crm-backend.Repository.csproj", "{78467144-2A12-4006-AB40-15348ECFE98D}"
EndProject
Project("{2150E333-8FDC-42A3-9474-1A3956D46DE8}") = "Solution Items", "Solution Items", "{E273AE6B-9D55-4708-83AB-D8591085474E}"
	ProjectSection(SolutionItems) = preProject
		README.md = README.md
	EndProjectSection
EndProject
Global
	GlobalSection(SolutionConfigurationPlatforms) = preSolution
		Debug|Any CPU = Debug|Any CPU
		Release|Any CPU = Release|Any CPU
	EndGlobalSection
	GlobalSection(ProjectConfigurationPlatforms) = postSolution
		{1D5D36D8-CBD9-4EF6-ADBA-5746A5B224B6}.Debug|Any CPU.ActiveCfg = Debug|Any CPU
		{1D5D36D8-CBD9-4EF6-ADBA-5746A5B224B6}.Debug|Any CPU.Build.0 = Debug|Any CPU
		{1D5D36D8-CBD9-4EF6-ADBA-5746A5B224B6}.Release|Any CPU.ActiveCfg = Release|Any CPU
		{1D5D36D8-CBD9-4EF6-ADBA-5746A5B224B6}.Release|Any CPU.Build.0 = Release|Any CPU
		{DBEC1485-8BFC-4FC8-A755-507E6B2C7361}.Debug|Any CPU.ActiveCfg = Debug|Any CPU
		{DBEC1485-8BFC-4FC8-A755-507E6B2C7361}.Debug|Any CPU.Build.0 = Debug|Any CPU
		{DBEC1485-8BFC-4FC8-A755-507E6B2C7361}.Release|Any CPU.ActiveCfg = Release|Any CPU
		{DBEC1485-8BFC-4FC8-A755-507E6B2C7361}.Release|Any CPU.Build.0 = Release|Any CPU
		{78467144-2A12-4006-AB40-15348ECFE98D}.Debug|Any CPU.ActiveCfg = Debug|Any CPU
		{78467144-2A12-4006-AB40-15348ECFE98D}.Debug|Any CPU.Build.0 = Debug|Any CPU
		{78467144-2A12-4006-AB40-15348ECFE98D}.Release|Any CPU.ActiveCfg = Release|Any CPU
		{78467144-2A12-4006-AB40-15348ECFE98D}.Release|Any CPU.Build.0 = Release|Any CPU
	EndGlobalSection
	GlobalSection(SolutionProperties) = preSolution
		HideSolutionNode = FALSE
	EndGlobalSection
	GlobalSection(ExtensibilityGlobals) = postSolution
		SolutionGuid = {3B8D2D39-B264-4DEF-B483-A71505C0A7E7}
	EndGlobalSection
EndGlobal
